
Microsoft Visual Studio Solution File, Format Version 12.00
# Visual Studio Version 17
VisualStudioVersion = 17.3.32819.101
MinimumVisualStudioVersion = 10.0.40219.1
Project("{9A19103F-16F7-4668-BE54-9A1E7A4F7556}") = "AccountControll", "AccountControll.csproj", "{885CCC38-28B3-4E09-B582-318081DA4C1C}"
EndProject
Global
	GlobalSection(SolutionConfigurationPlatforms) = preSolution
		Debug|Any CPU = Debug|Any CPU
		Release|Any CPU = Release|Any CPU
	EndGlobalSection
	GlobalSection(ProjectConfigurationPlatforms) = postSolution
		{885CCC38-28B3-4E09-B582-318081DA4C1C}.Debug|Any CPU.ActiveCfg = Debug|Any CPU
		{885CCC38-28B3-4E09-B582-318081DA4C1C}.Debug|Any CPU.Build.0 = Debug|Any CPU
		{885CCC38-28B3-4E09-B582-318081DA4C1C}.Release|Any CPU.ActiveCfg = Release|Any CPU
		{885CCC38-28B3-4E09-B582-318081DA4C1C}.Release|Any CPU.Build.0 = Release|Any CPU
	EndGlobalSection
	GlobalSection(SolutionProperties) = preSolution
		HideSolutionNode = FALSE
	EndGlobalSection
	GlobalSection(ExtensibilityGlobals) = postSolution
		SolutionGuid = {6BCC869C-25C6-4727-9469-682171460BEA}
	EndGlobalSection
EndGlobal
